
Microsoft Visual Studio Solution File, Format Version 12.00
# Visual Studio 14
VisualStudioVersion = 14.0.25420.1
MinimumVisualStudioVersion = 10.0.40219.1
Project("{FAE04EC0-301F-11D3-BF4B-00C04F79EFBC}") = "CardLib", "CardLib\CardLib.csproj", "{AC17EB91-83C5-4472-9AF6-7A5068182313}"
EndProject
Project("{FAE04EC0-301F-11D3-BF4B-00C04F79EFBC}") = "CardClient", "..\CardClient\CardClient.csproj", "{BDC44E2F-66A2-4F01-ACF6-1134C2DBDCA4}"
EndProject
Global
	GlobalSection(SolutionConfigurationPlatforms) = preSolution
		Debug|Any CPU = Debug|Any CPU
		Release|Any CPU = Release|Any CPU
	EndGlobalSection
	GlobalSection(ProjectConfigurationPlatforms) = postSolution
		{AC17EB91-83C5-4472-9AF6-7A5068182313}.Debug|Any CPU.ActiveCfg = Debug|Any CPU
		{AC17EB91-83C5-4472-9AF6-7A5068182313}.Debug|Any CPU.Build.0 = Debug|Any CPU
		{AC17EB91-83C5-4472-9AF6-7A5068182313}.Release|Any CPU.ActiveCfg = Release|Any CPU
		{AC17EB91-83C5-4472-9AF6-7A5068182313}.Release|Any CPU.Build.0 = Release|Any CPU
		{BDC44E2F-66A2-4F01-ACF6-1134C2DBDCA4}.Debug|Any CPU.ActiveCfg = Debug|Any CPU
		{BDC44E2F-66A2-4F01-ACF6-1134C2DBDCA4}.Debug|Any CPU.Build.0 = Debug|Any CPU
		{BDC44E2F-66A2-4F01-ACF6-1134C2DBDCA4}.Release|Any CPU.ActiveCfg = Release|Any CPU
		{BDC44E2F-66A2-4F01-ACF6-1134C2DBDCA4}.Release|Any CPU.Build.0 = Release|Any CPU
	EndGlobalSection
	GlobalSection(SolutionProperties) = preSolution
		HideSolutionNode = FALSE
	EndGlobalSection
EndGlobal
